{
  "nodes": {
    "nixCats": {
      "locked": {
        "dir": "nix",
        "lastModified": 1723721223,
        "narHash": "sha256-8SgIEkj5PQ2BnTL5xFHpZRhTIlFlL/lN0+gBivNJkXI=",
        "owner": "BirdeeHub",
        "repo": "nixCats-nvim",
        "rev": "cb1c3c1b49cb41e50864e109c5f8eb1fb26ff7c6",
        "type": "github"
      },
      "original": {
        "dir": "nix",
        "owner": "BirdeeHub",
        "repo": "nixCats-nvim",
        "type": "github"
      }
    },
    "nixpkgs": {
      "locked": {
        "lastModified": 1723635686,
        "narHash": "sha256-iNYh7Kb0D+MQ8IHM4+8bT1bUS5RNW6gVSDe2yTO1aAk=",
        "owner": "nixos",
        "repo": "nixpkgs",
        "rev": "0cb2fd7c59fed0cd82ef858cbcbdb552b9a33465",
        "type": "github"
      },
      "original": {
        "owner": "nixos",
        "ref": "nixpkgs-unstable",
        "repo": "nixpkgs",
        "type": "github"
      }
    },
    "root": {
      "inputs": {
        "nixCats": "nixCats",
        "nixpkgs": "nixpkgs"
      }
    }
  },
  "root": "root",
  "version": 7
}
